// !$*UTF8*$!
{
	archiveVersion = 1;
	classes = {
	};
	objectVersion = 56;
	objects = {

/* Begin PBXBuildFile section */
		300D67392ADB1CD30036CD92 /* AppDelegate.swift in Sources */ = {isa = PBXBuildFile; fileRef = 300D67382ADB1CD30036CD92 /* AppDelegate.swift */; };
		300D673B2ADB1CD30036CD92 /* SceneDelegate.swift in Sources */ = {isa = PBXBuildFile; fileRef = 300D673A2ADB1CD30036CD92 /* SceneDelegate.swift */; };
		300D673D2ADB1CD30036CD92 /* BooksController.swift in Sources */ = {isa = PBXBuildFile; fileRef = 300D673C2ADB1CD30036CD92 /* BooksController.swift */; };
		300D67422ADB1CD80036CD92 /* Assets.xcassets in Resources */ = {isa = PBXBuildFile; fileRef = 300D67412ADB1CD80036CD92 /* Assets.xcassets */; };
		300D67452ADB1CD80036CD92 /* LaunchScreen.storyboard in Resources */ = {isa = PBXBuildFile; fileRef = 300D67432ADB1CD80036CD92 /* LaunchScreen.storyboard */; };
		30533BD92AE062A500DD3B3D /* ServiceKit in Frameworks */ = {isa = PBXBuildFile; productRef = 30533BD82AE062A500DD3B3D /* ServiceKit */; };
		30533BDC2AE0667A00DD3B3D /* API.swift in Sources */ = {isa = PBXBuildFile; fileRef = 30533BDB2AE0667A00DD3B3D /* API.swift */; };
		30533BDE2AE066A200DD3B3D /* Repository.swift in Sources */ = {isa = PBXBuildFile; fileRef = 30533BDD2AE066A200DD3B3D /* Repository.swift */; };
		30533BE12AE067CF00DD3B3D /* TokenRepository.swift in Sources */ = {isa = PBXBuildFile; fileRef = 30533BE02AE067CF00DD3B3D /* TokenRepository.swift */; };
		30533BEA2AE069BF00DD3B3D /* Books.swift in Sources */ = {isa = PBXBuildFile; fileRef = 30533BE92AE069BF00DD3B3D /* Books.swift */; };
		30533BED2AE06A5C00DD3B3D /* SDWebImage in Frameworks */ = {isa = PBXBuildFile; productRef = 30533BEC2AE06A5C00DD3B3D /* SDWebImage */; };
		30533BEF2AE06A5C00DD3B3D /* SDWebImageMapKit in Frameworks */ = {isa = PBXBuildFile; productRef = 30533BEE2AE06A5C00DD3B3D /* SDWebImageMapKit */; };
		30533BF12AE06C4600DD3B3D /* BooksService.swift in Sources */ = {isa = PBXBuildFile; fileRef = 30533BF02AE06C4600DD3B3D /* BooksService.swift */; };
		30533BF42AE06CF100DD3B3D /* Encodable+Ext.swift in Sources */ = {isa = PBXBuildFile; fileRef = 30533BF32AE06CF100DD3B3D /* Encodable+Ext.swift */; };
		30533BF62AE06EB700DD3B3D /* ConfigureController.swift in Sources */ = {isa = PBXBuildFile; fileRef = 30533BF52AE06EB700DD3B3D /* ConfigureController.swift */; };
		30533BF82AE06F3600DD3B3D /* BooksViewModel.swift in Sources */ = {isa = PBXBuildFile; fileRef = 30533BF72AE06F3600DD3B3D /* BooksViewModel.swift */; };
		30533BFA2AE077B400DD3B3D /* BooksView.swift in Sources */ = {isa = PBXBuildFile; fileRef = 30533BF92AE077B400DD3B3D /* BooksView.swift */; };
		30533BFD2AE0784400DD3B3D /* StackViewKit in Frameworks */ = {isa = PBXBuildFile; productRef = 30533BFC2AE0784400DD3B3D /* StackViewKit */; };
		30533BFF2AE0785F00DD3B3D /* BooksCollectionCell.swift in Sources */ = {isa = PBXBuildFile; fileRef = 30533BFE2AE0785F00DD3B3D /* BooksCollectionCell.swift */; };
		30533C032AE079AB00DD3B3D /* AppLayout.swift in Sources */ = {isa = PBXBuildFile; fileRef = 30533C022AE079AB00DD3B3D /* AppLayout.swift */; };
		30533C052AE079C200DD3B3D /* LayoutType.swift in Sources */ = {isa = PBXBuildFile; fileRef = 30533C042AE079C200DD3B3D /* LayoutType.swift */; };
		30533C082AE0848400DD3B3D /* IQKeyboardManagerSwift in Frameworks */ = {isa = PBXBuildFile; productRef = 30533C072AE0848400DD3B3D /* IQKeyboardManagerSwift */; };
		30533C1B2AE0A90F00DD3B3D /* DetailBooksView.swift in Sources */ = {isa = PBXBuildFile; fileRef = 30533C1A2AE0A90F00DD3B3D /* DetailBooksView.swift */; };
		30533C1D2AE0A95D00DD3B3D /* DetailBooksController.swift in Sources */ = {isa = PBXBuildFile; fileRef = 30533C1C2AE0A95D00DD3B3D /* DetailBooksController.swift */; };
		308AE84C2AE1931C0026B0A0 /* EmptyStateView.swift in Sources */ = {isa = PBXBuildFile; fileRef = 308AE84B2AE1931C0026B0A0 /* EmptyStateView.swift */; };
		308AE8542AE193810026B0A0 /* OnboardingViewModel.swift in Sources */ = {isa = PBXBuildFile; fileRef = 308AE8532AE193810026B0A0 /* OnboardingViewModel.swift */; };
		308AE8562AE193980026B0A0 /* OnboardingCell.swift in Sources */ = {isa = PBXBuildFile; fileRef = 308AE8552AE193980026B0A0 /* OnboardingCell.swift */; };
		308AE8592AE193B40026B0A0 /* OnboardingviewCellModel.swift in Sources */ = {isa = PBXBuildFile; fileRef = 308AE8582AE193B40026B0A0 /* OnboardingviewCellModel.swift */; };
		308AE85B2AE193D30026B0A0 /* OnboardingModel.swift in Sources */ = {isa = PBXBuildFile; fileRef = 308AE85A2AE193D30026B0A0 /* OnboardingModel.swift */; };
		308AE85D2AE193EE0026B0A0 /* OnboardingView.swift in Sources */ = {isa = PBXBuildFile; fileRef = 308AE85C2AE193EE0026B0A0 /* OnboardingView.swift */; };
		308AE85F2AE194280026B0A0 /* OnboardingController.swift in Sources */ = {isa = PBXBuildFile; fileRef = 308AE85E2AE194280026B0A0 /* OnboardingController.swift */; };
		309072962AE16A7B001B8C5B /* Date+Ext.swift in Sources */ = {isa = PBXBuildFile; fileRef = 309072952AE16A7B001B8C5B /* Date+Ext.swift */; };
/* End PBXBuildFile section */

/* Begin PBXFileReference section */
		300D67352ADB1CD30036CD92 /* wesley-inevent-ios-test.app */ = {isa = PBXFileReference; explicitFileType = wrapper.application; includeInIndex = 0; path = "wesley-inevent-ios-test.app"; sourceTree = BUILT_PRODUCTS_DIR; };
		300D67382ADB1CD30036CD92 /* AppDelegate.swift */ = {isa = PBXFileReference; lastKnownFileType = sourcecode.swift; path = AppDelegate.swift; sourceTree = "<group>"; };
		300D673A2ADB1CD30036CD92 /* SceneDelegate.swift */ = {isa = PBXFileReference; lastKnownFileType = sourcecode.swift; path = SceneDelegate.swift; sourceTree = "<group>"; };
		300D673C2ADB1CD30036CD92 /* BooksController.swift */ = {isa = PBXFileReference; lastKnownFileType = sourcecode.swift; path = BooksController.swift; sourceTree = "<group>"; };
		300D67412ADB1CD80036CD92 /* Assets.xcassets */ = {isa = PBXFileReference; lastKnownFileType = folder.assetcatalog; path = Assets.xcassets; sourceTree = "<group>"; };
		300D67442ADB1CD80036CD92 /* Base */ = {isa = PBXFileReference; lastKnownFileType = file.storyboard; name = Base; path = Base.lproj/LaunchScreen.storyboard; sourceTree = "<group>"; };
		300D67462ADB1CD80036CD92 /* Info.plist */ = {isa = PBXFileReference; lastKnownFileType = text.plist.xml; path = Info.plist; sourceTree = "<group>"; };
		30533BDB2AE0667A00DD3B3D /* API.swift */ = {isa = PBXFileReference; lastKnownFileType = sourcecode.swift; path = API.swift; sourceTree = "<group>"; };
		30533BDD2AE066A200DD3B3D /* Repository.swift */ = {isa = PBXFileReference; lastKnownFileType = sourcecode.swift; path = Repository.swift; sourceTree = "<group>"; };
		30533BE02AE067CF00DD3B3D /* TokenRepository.swift */ = {isa = PBXFileReference; lastKnownFileType = sourcecode.swift; path = TokenRepository.swift; sourceTree = "<group>"; };
		30533BE92AE069BF00DD3B3D /* Books.swift */ = {isa = PBXFileReference; lastKnownFileType = sourcecode.swift; path = Books.swift; sourceTree = "<group>"; };
		30533BF02AE06C4600DD3B3D /* BooksService.swift */ = {isa = PBXFileReference; lastKnownFileType = sourcecode.swift; path = BooksService.swift; sourceTree = "<group>"; };
		30533BF32AE06CF100DD3B3D /* Encodable+Ext.swift */ = {isa = PBXFileReference; lastKnownFileType = sourcecode.swift; path = "Encodable+Ext.swift"; sourceTree = "<group>"; };
		30533BF52AE06EB700DD3B3D /* ConfigureController.swift */ = {isa = PBXFileReference; lastKnownFileType = sourcecode.swift; path = ConfigureController.swift; sourceTree = "<group>"; };
		30533BF72AE06F3600DD3B3D /* BooksViewModel.swift */ = {isa = PBXFileReference; lastKnownFileType = sourcecode.swift; path = BooksViewModel.swift; sourceTree = "<group>"; };
		30533BF92AE077B400DD3B3D /* BooksView.swift */ = {isa = PBXFileReference; lastKnownFileType = sourcecode.swift; path = BooksView.swift; sourceTree = "<group>"; };
		30533BFE2AE0785F00DD3B3D /* BooksCollectionCell.swift */ = {isa = PBXFileReference; lastKnownFileType = sourcecode.swift; path = BooksCollectionCell.swift; sourceTree = "<group>"; };
		30533C022AE079AB00DD3B3D /* AppLayout.swift */ = {isa = PBXFileReference; lastKnownFileType = sourcecode.swift; path = AppLayout.swift; sourceTree = "<group>"; };
		30533C042AE079C200DD3B3D /* LayoutType.swift */ = {isa = PBXFileReference; lastKnownFileType = sourcecode.swift; path = LayoutType.swift; sourceTree = "<group>"; };
		30533C1A2AE0A90F00DD3B3D /* DetailBooksView.swift */ = {isa = PBXFileReference; lastKnownFileType = sourcecode.swift; path = DetailBooksView.swift; sourceTree = "<group>"; };
		30533C1C2AE0A95D00DD3B3D /* DetailBooksController.swift */ = {isa = PBXFileReference; lastKnownFileType = sourcecode.swift; path = DetailBooksController.swift; sourceTree = "<group>"; };
		308AE84B2AE1931C0026B0A0 /* EmptyStateView.swift */ = {isa = PBXFileReference; lastKnownFileType = sourcecode.swift; path = EmptyStateView.swift; sourceTree = "<group>"; };
		308AE8532AE193810026B0A0 /* OnboardingViewModel.swift */ = {isa = PBXFileReference; lastKnownFileType = sourcecode.swift; path = OnboardingViewModel.swift; sourceTree = "<group>"; };
		308AE8552AE193980026B0A0 /* OnboardingCell.swift */ = {isa = PBXFileReference; lastKnownFileType = sourcecode.swift; path = OnboardingCell.swift; sourceTree = "<group>"; };
		308AE8582AE193B40026B0A0 /* OnboardingviewCellModel.swift */ = {isa = PBXFileReference; lastKnownFileType = sourcecode.swift; path = OnboardingviewCellModel.swift; sourceTree = "<group>"; };
		308AE85A2AE193D30026B0A0 /* OnboardingModel.swift */ = {isa = PBXFileReference; lastKnownFileType = sourcecode.swift; path = OnboardingModel.swift; sourceTree = "<group>"; };
		308AE85C2AE193EE0026B0A0 /* OnboardingView.swift */ = {isa = PBXFileReference; lastKnownFileType = sourcecode.swift; path = OnboardingView.swift; sourceTree = "<group>"; };
		308AE85E2AE194280026B0A0 /* OnboardingController.swift */ = {isa = PBXFileReference; lastKnownFileType = sourcecode.swift; path = OnboardingController.swift; sourceTree = "<group>"; };
		309072952AE16A7B001B8C5B /* Date+Ext.swift */ = {isa = PBXFileReference; lastKnownFileType = sourcecode.swift; path = "Date+Ext.swift"; sourceTree = "<group>"; };
/* End PBXFileReference section */

/* Begin PBXFrameworksBuildPhase section */
		300D67322ADB1CD30036CD92 /* Frameworks */ = {
			isa = PBXFrameworksBuildPhase;
			buildActionMask = 2147483647;
			files = (
				30533C082AE0848400DD3B3D /* IQKeyboardManagerSwift in Frameworks */,
				30533BED2AE06A5C00DD3B3D /* SDWebImage in Frameworks */,
				30533BFD2AE0784400DD3B3D /* StackViewKit in Frameworks */,
				30533BEF2AE06A5C00DD3B3D /* SDWebImageMapKit in Frameworks */,
				30533BD92AE062A500DD3B3D /* ServiceKit in Frameworks */,
			);
			runOnlyForDeploymentPostprocessing = 0;
		};
/* End PBXFrameworksBuildPhase section */

/* Begin PBXGroup section */
		300D672C2ADB1CD20036CD92 = {
			isa = PBXGroup;
			children = (
				300D67372ADB1CD30036CD92 /* wesley-inevent-ios-test */,
				300D67362ADB1CD30036CD92 /* Products */,
			);
			sourceTree = "<group>";
		};
		300D67362ADB1CD30036CD92 /* Products */ = {
			isa = PBXGroup;
			children = (
				300D67352ADB1CD30036CD92 /* wesley-inevent-ios-test.app */,
			);
			name = Products;
			sourceTree = "<group>";
		};
		300D67372ADB1CD30036CD92 /* wesley-inevent-ios-test */ = {
			isa = PBXGroup;
			children = (
				30533BDA2AE0665C00DD3B3D /* API */,
				30533BD42AE05FB600DD3B3D /* App */,
				30533BD62AE05FD400DD3B3D /* Assets */,
				30533BD52AE05FC600DD3B3D /* Features */,
				300D67462ADB1CD80036CD92 /* Info.plist */,
				300D67432ADB1CD80036CD92 /* LaunchScreen.storyboard */,
				30533BDF2AE067C000DD3B3D /* Utils */,
			);
			path = "wesley-inevent-ios-test";
			sourceTree = "<group>";
		};
		30533BD42AE05FB600DD3B3D /* App */ = {
			isa = PBXGroup;
			children = (
				300D67382ADB1CD30036CD92 /* AppDelegate.swift */,
				300D673A2ADB1CD30036CD92 /* SceneDelegate.swift */,
			);
			path = App;
			sourceTree = "<group>";
		};
		30533BD52AE05FC600DD3B3D /* Features */ = {
			isa = PBXGroup;
			children = (
				30533BE22AE0691E00DD3B3D /* Books */,
				30533C002AE0798A00DD3B3D /* Compositional */,
				30533C092AE09F1A00DD3B3D /* Detail */,
				308AE8492AE1930E0026B0A0 /* Empty */,
				308AE84D2AE193350026B0A0 /* Onboarding */,
			);
			path = Features;
			sourceTree = "<group>";
		};
		30533BD62AE05FD400DD3B3D /* Assets */ = {
			isa = PBXGroup;
			children = (
				300D67412ADB1CD80036CD92 /* Assets.xcassets */,
			);
			path = Assets;
			sourceTree = "<group>";
		};
		30533BDA2AE0665C00DD3B3D /* API */ = {
			isa = PBXGroup;
			children = (
				30533BDB2AE0667A00DD3B3D /* API.swift */,
				30533BDD2AE066A200DD3B3D /* Repository.swift */,
			);
			path = API;
			sourceTree = "<group>";
		};
		30533BDF2AE067C000DD3B3D /* Utils */ = {
			isa = PBXGroup;
			children = (
				30533BF22AE06CE000DD3B3D /* Extenstion */,
				30533BE02AE067CF00DD3B3D /* TokenRepository.swift */,
				30533BF52AE06EB700DD3B3D /* ConfigureController.swift */,
			);
			path = Utils;
			sourceTree = "<group>";
		};
		30533BE22AE0691E00DD3B3D /* Books */ = {
			isa = PBXGroup;
			children = (
				30533BE72AE0697300DD3B3D /* Cell */,
				30533BE32AE0694B00DD3B3D /* Controller */,
				30533BE82AE069B100DD3B3D /* Model */,
				30533BE62AE0696B00DD3B3D /* Service */,
				30533BE42AE0695300DD3B3D /* View */,
				30533BE52AE0695700DD3B3D /* ViewModel */,
			);
			path = Books;
			sourceTree = "<group>";
		};
		30533BE32AE0694B00DD3B3D /* Controller */ = {
			isa = PBXGroup;
			children = (
				300D673C2ADB1CD30036CD92 /* BooksController.swift */,
			);
			path = Controller;
			sourceTree = "<group>";
		};
		30533BE42AE0695300DD3B3D /* View */ = {
			isa = PBXGroup;
			children = (
				30533BF92AE077B400DD3B3D /* BooksView.swift */,
			);
			path = View;
			sourceTree = "<group>";
		};
		30533BE52AE0695700DD3B3D /* ViewModel */ = {
			isa = PBXGroup;
			children = (
				30533BF72AE06F3600DD3B3D /* BooksViewModel.swift */,
			);
			path = ViewModel;
			sourceTree = "<group>";
		};
		30533BE62AE0696B00DD3B3D /* Service */ = {
			isa = PBXGroup;
			children = (
				30533BF02AE06C4600DD3B3D /* BooksService.swift */,
			);
			path = Service;
			sourceTree = "<group>";
		};
		30533BE72AE0697300DD3B3D /* Cell */ = {
			isa = PBXGroup;
			children = (
				30533BFE2AE0785F00DD3B3D /* BooksCollectionCell.swift */,
			);
			path = Cell;
			sourceTree = "<group>";
		};
		30533BE82AE069B100DD3B3D /* Model */ = {
			isa = PBXGroup;
			children = (
				30533BE92AE069BF00DD3B3D /* Books.swift */,
			);
			path = Model;
			sourceTree = "<group>";
		};
		30533BF22AE06CE000DD3B3D /* Extenstion */ = {
			isa = PBXGroup;
			children = (
				30533BF32AE06CF100DD3B3D /* Encodable+Ext.swift */,
				309072952AE16A7B001B8C5B /* Date+Ext.swift */,
			);
			path = Extenstion;
			sourceTree = "<group>";
		};
		30533C002AE0798A00DD3B3D /* Compositional */ = {
			isa = PBXGroup;
			children = (
				30533C012AE0799800DD3B3D /* Layout */,
			);
			path = Compositional;
			sourceTree = "<group>";
		};
		30533C012AE0799800DD3B3D /* Layout */ = {
			isa = PBXGroup;
			children = (
				30533C022AE079AB00DD3B3D /* AppLayout.swift */,
				30533C042AE079C200DD3B3D /* LayoutType.swift */,
			);
			path = Layout;
			sourceTree = "<group>";
		};
		30533C092AE09F1A00DD3B3D /* Detail */ = {
			isa = PBXGroup;
			children = (
				30533C0B2AE09F2700DD3B3D /* Controller */,
				30533C0A2AE09F2300DD3B3D /* View */,
			);
			path = Detail;
			sourceTree = "<group>";
		};
		30533C0A2AE09F2300DD3B3D /* View */ = {
			isa = PBXGroup;
			children = (
				30533C1A2AE0A90F00DD3B3D /* DetailBooksView.swift */,
			);
			path = View;
			sourceTree = "<group>";
		};
		30533C0B2AE09F2700DD3B3D /* Controller */ = {
			isa = PBXGroup;
			children = (
				30533C1C2AE0A95D00DD3B3D /* DetailBooksController.swift */,
			);
			path = Controller;
			sourceTree = "<group>";
		};
		308AE8492AE1930E0026B0A0 /* Empty */ = {
			isa = PBXGroup;
			children = (
				308AE84A2AE193140026B0A0 /* View */,
			);
			path = Empty;
			sourceTree = "<group>";
		};
		308AE84A2AE193140026B0A0 /* View */ = {
			isa = PBXGroup;
			children = (
				308AE84B2AE1931C0026B0A0 /* EmptyStateView.swift */,
			);
			path = View;
			sourceTree = "<group>";
		};
		308AE84D2AE193350026B0A0 /* Onboarding */ = {
			isa = PBXGroup;
			children = (
				308AE84E2AE193530026B0A0 /* Cell */,
				308AE8512AE1935E0026B0A0 /* Controller */,
				308AE8502AE1935A0026B0A0 /* Model */,
				308AE8522AE193630026B0A0 /* View */,
				308AE84F2AE193560026B0A0 /* ViewModel */,
			);
			path = Onboarding;
			sourceTree = "<group>";
		};
		308AE84E2AE193530026B0A0 /* Cell */ = {
			isa = PBXGroup;
			children = (
				308AE8572AE1939B0026B0A0 /* ViewModel */,
				308AE8552AE193980026B0A0 /* OnboardingCell.swift */,
			);
			path = Cell;
			sourceTree = "<group>";
		};
		308AE84F2AE193560026B0A0 /* ViewModel */ = {
			isa = PBXGroup;
			children = (
				308AE8532AE193810026B0A0 /* OnboardingViewModel.swift */,
			);
			path = ViewModel;
			sourceTree = "<group>";
		};
		308AE8502AE1935A0026B0A0 /* Model */ = {
			isa = PBXGroup;
			children = (
				308AE85A2AE193D30026B0A0 /* OnboardingModel.swift */,
			);
			path = Model;
			sourceTree = "<group>";
		};
		308AE8512AE1935E0026B0A0 /* Controller */ = {
			isa = PBXGroup;
			children = (
				308AE85E2AE194280026B0A0 /* OnboardingController.swift */,
			);
			path = Controller;
			sourceTree = "<group>";
		};
		308AE8522AE193630026B0A0 /* View */ = {
			isa = PBXGroup;
			children = (
				308AE85C2AE193EE0026B0A0 /* OnboardingView.swift */,
			);
			path = View;
			sourceTree = "<group>";
		};
		308AE8572AE1939B0026B0A0 /* ViewModel */ = {
			isa = PBXGroup;
			children = (
				308AE8582AE193B40026B0A0 /* OnboardingviewCellModel.swift */,
			);
			path = ViewModel;
			sourceTree = "<group>";
		};
/* End PBXGroup section */

/* Begin PBXNativeTarget section */
		300D67342ADB1CD30036CD92 /* wesley-inevent-ios-test */ = {
			isa = PBXNativeTarget;
			buildConfigurationList = 300D67492ADB1CD80036CD92 /* Build configuration list for PBXNativeTarget "wesley-inevent-ios-test" */;
			buildPhases = (
				300D67312ADB1CD30036CD92 /* Sources */,
				300D67322ADB1CD30036CD92 /* Frameworks */,
				300D67332ADB1CD30036CD92 /* Resources */,
			);
			buildRules = (
			);
			dependencies = (
			);
			name = "wesley-inevent-ios-test";
			packageProductDependencies = (
				30533BD82AE062A500DD3B3D /* ServiceKit */,
				30533BEC2AE06A5C00DD3B3D /* SDWebImage */,
				30533BEE2AE06A5C00DD3B3D /* SDWebImageMapKit */,
				30533BFC2AE0784400DD3B3D /* StackViewKit */,
				30533C072AE0848400DD3B3D /* IQKeyboardManagerSwift */,
			);
			productName = "wesley-inevent-ios-test";
			productReference = 300D67352ADB1CD30036CD92 /* wesley-inevent-ios-test.app */;
			productType = "com.apple.product-type.application";
		};
/* End PBXNativeTarget section */

/* Begin PBXProject section */
		300D672D2ADB1CD20036CD92 /* Project object */ = {
			isa = PBXProject;
			attributes = {
				BuildIndependentTargetsInParallel = 1;
				LastSwiftUpdateCheck = 1500;
				LastUpgradeCheck = 1500;
				TargetAttributes = {
					300D67342ADB1CD30036CD92 = {
						CreatedOnToolsVersion = 15.0;
					};
				};
			};
			buildConfigurationList = 300D67302ADB1CD20036CD92 /* Build configuration list for PBXProject "wesley-inevent-ios-test" */;
			compatibilityVersion = "Xcode 14.0";
			developmentRegion = en;
			hasScannedForEncodings = 0;
			knownRegions = (
				en,
				Base,
			);
			mainGroup = 300D672C2ADB1CD20036CD92;
			packageReferences = (
				30533BD72AE062A500DD3B3D /* XCRemoteSwiftPackageReference "ServiceKit" */,
				30533BEB2AE06A5C00DD3B3D /* XCRemoteSwiftPackageReference "SDWebImage" */,
				30533BFB2AE0784400DD3B3D /* XCRemoteSwiftPackageReference "StackViewKit" */,
				30533C062AE0848400DD3B3D /* XCRemoteSwiftPackageReference "IQKeyboardManager" */,
			);
			productRefGroup = 300D67362ADB1CD30036CD92 /* Products */;
			projectDirPath = "";
			projectRoot = "";
			targets = (
				300D67342ADB1CD30036CD92 /* wesley-inevent-ios-test */,
			);
		};
/* End PBXProject section */

/* Begin PBXResourcesBuildPhase section */
		300D67332ADB1CD30036CD92 /* Resources */ = {
			isa = PBXResourcesBuildPhase;
			buildActionMask = 2147483647;
			files = (
				300D67452ADB1CD80036CD92 /* LaunchScreen.storyboard in Resources */,
				300D67422ADB1CD80036CD92 /* Assets.xcassets in Resources */,
			);
			runOnlyForDeploymentPostprocessing = 0;
		};
/* End PBXResourcesBuildPhase section */

/* Begin PBXSourcesBuildPhase section */
		300D67312ADB1CD30036CD92 /* Sources */ = {
			isa = PBXSourcesBuildPhase;
			buildActionMask = 2147483647;
			files = (
				30533BF62AE06EB700DD3B3D /* ConfigureController.swift in Sources */,
				308AE8592AE193B40026B0A0 /* OnboardingviewCellModel.swift in Sources */,
				30533C032AE079AB00DD3B3D /* AppLayout.swift in Sources */,
				308AE84C2AE1931C0026B0A0 /* EmptyStateView.swift in Sources */,
				30533BF82AE06F3600DD3B3D /* BooksViewModel.swift in Sources */,
				30533BFF2AE0785F00DD3B3D /* BooksCollectionCell.swift in Sources */,
				300D673D2ADB1CD30036CD92 /* BooksController.swift in Sources */,
				300D67392ADB1CD30036CD92 /* AppDelegate.swift in Sources */,
				308AE85F2AE194280026B0A0 /* OnboardingController.swift in Sources */,
				30533BDE2AE066A200DD3B3D /* Repository.swift in Sources */,
				308AE8562AE193980026B0A0 /* OnboardingCell.swift in Sources */,
				30533BF42AE06CF100DD3B3D /* Encodable+Ext.swift in Sources */,
				30533BEA2AE069BF00DD3B3D /* Books.swift in Sources */,
				308AE85B2AE193D30026B0A0 /* OnboardingModel.swift in Sources */,
				309072962AE16A7B001B8C5B /* Date+Ext.swift in Sources */,
				30533C1D2AE0A95D00DD3B3D /* DetailBooksController.swift in Sources */,
				30533BFA2AE077B400DD3B3D /* BooksView.swift in Sources */,
				30533C052AE079C200DD3B3D /* LayoutType.swift in Sources */,
				30533BF12AE06C4600DD3B3D /* BooksService.swift in Sources */,
				308AE8542AE193810026B0A0 /* OnboardingViewModel.swift in Sources */,
				30533C1B2AE0A90F00DD3B3D /* DetailBooksView.swift in Sources */,
				30533BE12AE067CF00DD3B3D /* TokenRepository.swift in Sources */,
				308AE85D2AE193EE0026B0A0 /* OnboardingView.swift in Sources */,
				30533BDC2AE0667A00DD3B3D /* API.swift in Sources */,
				300D673B2ADB1CD30036CD92 /* SceneDelegate.swift in Sources */,
			);
			runOnlyForDeploymentPostprocessing = 0;
		};
/* End PBXSourcesBuildPhase section */

/* Begin PBXVariantGroup section */
		300D67432ADB1CD80036CD92 /* LaunchScreen.storyboard */ = {
			isa = PBXVariantGroup;
			children = (
				300D67442ADB1CD80036CD92 /* Base */,
			);
			name = LaunchScreen.storyboard;
			sourceTree = "<group>";
		};
/* End PBXVariantGroup section */

/* Begin XCBuildConfiguration section */
		300D67472ADB1CD80036CD92 /* Debug */ = {
			isa = XCBuildConfiguration;
			buildSettings = {
				ALWAYS_SEARCH_USER_PATHS = NO;
				ASSETCATALOG_COMPILER_GENERATE_SWIFT_ASSET_SYMBOL_EXTENSIONS = YES;
				CLANG_ANALYZER_NONNULL = YES;
				CLANG_ANALYZER_NUMBER_OBJECT_CONVERSION = YES_AGGRESSIVE;
				CLANG_CXX_LANGUAGE_STANDARD = "gnu++20";
				CLANG_ENABLE_MODULES = YES;
				CLANG_ENABLE_OBJC_ARC = YES;
				CLANG_ENABLE_OBJC_WEAK = YES;
				CLANG_WARN_BLOCK_CAPTURE_AUTORELEASING = YES;
				CLANG_WARN_BOOL_CONVERSION = YES;
				CLANG_WARN_COMMA = YES;
				CLANG_WARN_CONSTANT_CONVERSION = YES;
				CLANG_WARN_DEPRECATED_OBJC_IMPLEMENTATIONS = YES;
				CLANG_WARN_DIRECT_OBJC_ISA_USAGE = YES_ERROR;
				CLANG_WARN_DOCUMENTATION_COMMENTS = YES;
				CLANG_WARN_EMPTY_BODY = YES;
				CLANG_WARN_ENUM_CONVERSION = YES;
				CLANG_WARN_INFINITE_RECURSION = YES;
				CLANG_WARN_INT_CONVERSION = YES;
				CLANG_WARN_NON_LITERAL_NULL_CONVERSION = YES;
				CLANG_WARN_OBJC_IMPLICIT_RETAIN_SELF = YES;
				CLANG_WARN_OBJC_LITERAL_CONVERSION = YES;
				CLANG_WARN_OBJC_ROOT_CLASS = YES_ERROR;
				CLANG_WARN_QUOTED_INCLUDE_IN_FRAMEWORK_HEADER = YES;
				CLANG_WARN_RANGE_LOOP_ANALYSIS = YES;
				CLANG_WARN_STRICT_PROTOTYPES = YES;
				CLANG_WARN_SUSPICIOUS_MOVE = YES;
				CLANG_WARN_UNGUARDED_AVAILABILITY = YES_AGGRESSIVE;
				CLANG_WARN_UNREACHABLE_CODE = YES;
				CLANG_WARN__DUPLICATE_METHOD_MATCH = YES;
				COPY_PHASE_STRIP = NO;
				DEBUG_INFORMATION_FORMAT = dwarf;
				ENABLE_STRICT_OBJC_MSGSEND = YES;
				ENABLE_TESTABILITY = YES;
				ENABLE_USER_SCRIPT_SANDBOXING = YES;
				GCC_C_LANGUAGE_STANDARD = gnu17;
				GCC_DYNAMIC_NO_PIC = NO;
				GCC_NO_COMMON_BLOCKS = YES;
				GCC_OPTIMIZATION_LEVEL = 0;
				GCC_PREPROCESSOR_DEFINITIONS = (
					"DEBUG=1",
					"$(inherited)",
				);
				GCC_WARN_64_TO_32_BIT_CONVERSION = YES;
				GCC_WARN_ABOUT_RETURN_TYPE = YES_ERROR;
				GCC_WARN_UNDECLARED_SELECTOR = YES;
				GCC_WARN_UNINITIALIZED_AUTOS = YES_AGGRESSIVE;
				GCC_WARN_UNUSED_FUNCTION = YES;
				GCC_WARN_UNUSED_VARIABLE = YES;
				IPHONEOS_DEPLOYMENT_TARGET = 17.0;
				LOCALIZATION_PREFERS_STRING_CATALOGS = YES;
				MTL_ENABLE_DEBUG_INFO = INCLUDE_SOURCE;
				MTL_FAST_MATH = YES;
				ONLY_ACTIVE_ARCH = YES;
				SDKROOT = iphoneos;
				SWIFT_ACTIVE_COMPILATION_CONDITIONS = "DEBUG $(inherited)";
				SWIFT_OPTIMIZATION_LEVEL = "-Onone";
			};
			name = Debug;
		};
		300D67482ADB1CD80036CD92 /* Release */ = {
			isa = XCBuildConfiguration;
			buildSettings = {
				ALWAYS_SEARCH_USER_PATHS = NO;
				ASSETCATALOG_COMPILER_GENERATE_SWIFT_ASSET_SYMBOL_EXTENSIONS = YES;
				CLANG_ANALYZER_NONNULL = YES;
				CLANG_ANALYZER_NUMBER_OBJECT_CONVERSION = YES_AGGRESSIVE;
				CLANG_CXX_LANGUAGE_STANDARD = "gnu++20";
				CLANG_ENABLE_MODULES = YES;
				CLANG_ENABLE_OBJC_ARC = YES;
				CLANG_ENABLE_OBJC_WEAK = YES;
				CLANG_WARN_BLOCK_CAPTURE_AUTORELEASING = YES;
				CLANG_WARN_BOOL_CONVERSION = YES;
				CLANG_WARN_COMMA = YES;
				CLANG_WARN_CONSTANT_CONVERSION = YES;
				CLANG_WARN_DEPRECATED_OBJC_IMPLEMENTATIONS = YES;
				CLANG_WARN_DIRECT_OBJC_ISA_USAGE = YES_ERROR;
				CLANG_WARN_DOCUMENTATION_COMMENTS = YES;
				CLANG_WARN_EMPTY_BODY = YES;
				CLANG_WARN_ENUM_CONVERSION = YES;
				CLANG_WARN_INFINITE_RECURSION = YES;
				CLANG_WARN_INT_CONVERSION = YES;
				CLANG_WARN_NON_LITERAL_NULL_CONVERSION = YES;
				CLANG_WARN_OBJC_IMPLICIT_RETAIN_SELF = YES;
				CLANG_WARN_OBJC_LITERAL_CONVERSION = YES;
				CLANG_WARN_OBJC_ROOT_CLASS = YES_ERROR;
				CLANG_WARN_QUOTED_INCLUDE_IN_FRAMEWORK_HEADER = YES;
				CLANG_WARN_RANGE_LOOP_ANALYSIS = YES;
				CLANG_WARN_STRICT_PROTOTYPES = YES;
				CLANG_WARN_SUSPICIOUS_MOVE = YES;
				CLANG_WARN_UNGUARDED_AVAILABILITY = YES_AGGRESSIVE;
				CLANG_WARN_UNREACHABLE_CODE = YES;
				CLANG_WARN__DUPLICATE_METHOD_MATCH = YES;
				COPY_PHASE_STRIP = NO;
				DEBUG_INFORMATION_FORMAT = "dwarf-with-dsym";
				ENABLE_NS_ASSERTIONS = NO;
				ENABLE_STRICT_OBJC_MSGSEND = YES;
				ENABLE_USER_SCRIPT_SANDBOXING = YES;
				GCC_C_LANGUAGE_STANDARD = gnu17;
				GCC_NO_COMMON_BLOCKS = YES;
				GCC_WARN_64_TO_32_BIT_CONVERSION = YES;
				GCC_WARN_ABOUT_RETURN_TYPE = YES_ERROR;
				GCC_WARN_UNDECLARED_SELECTOR = YES;
				GCC_WARN_UNINITIALIZED_AUTOS = YES_AGGRESSIVE;
				GCC_WARN_UNUSED_FUNCTION = YES;
				GCC_WARN_UNUSED_VARIABLE = YES;
				IPHONEOS_DEPLOYMENT_TARGET = 17.0;
				LOCALIZATION_PREFERS_STRING_CATALOGS = YES;
				MTL_ENABLE_DEBUG_INFO = NO;
				MTL_FAST_MATH = YES;
				SDKROOT = iphoneos;
				SWIFT_COMPILATION_MODE = wholemodule;
				VALIDATE_PRODUCT = YES;
			};
			name = Release;
		};
		300D674A2ADB1CD80036CD92 /* Debug */ = {
			isa = XCBuildConfiguration;
			buildSettings = {
				ASSETCATALOG_COMPILER_APPICON_NAME = AppIcon;
				ASSETCATALOG_COMPILER_GLOBAL_ACCENT_COLOR_NAME = AccentColor;
				CODE_SIGN_STYLE = Automatic;
				CURRENT_PROJECT_VERSION = 1;
				DEVELOPMENT_TEAM = A8WP3R74BG;
				GENERATE_INFOPLIST_FILE = YES;
				INFOPLIST_FILE = "wesley-inevent-ios-test/Info.plist";
				INFOPLIST_KEY_CFBundleDisplayName = "InEvent Books";
				INFOPLIST_KEY_UIApplicationSupportsIndirectInputEvents = YES;
				INFOPLIST_KEY_UILaunchStoryboardName = LaunchScreen;
				INFOPLIST_KEY_UIMainStoryboardFile = "";
				INFOPLIST_KEY_UISupportedInterfaceOrientations_iPad = "UIInterfaceOrientationPortrait UIInterfaceOrientationPortraitUpsideDown UIInterfaceOrientationLandscapeLeft UIInterfaceOrientationLandscapeRight";
				INFOPLIST_KEY_UISupportedInterfaceOrientations_iPhone = "UIInterfaceOrientationPortrait UIInterfaceOrientationLandscapeLeft UIInterfaceOrientationLandscapeRight";
				IPHONEOS_DEPLOYMENT_TARGET = 14.0;
				LD_RUNPATH_SEARCH_PATHS = (
					"$(inherited)",
					"@executable_path/Frameworks",
				);
				MARKETING_VERSION = 1.0.0;
				PRODUCT_BUNDLE_IDENTIFIER = "com.wesley.wesley-inevent-ios-test";
				PRODUCT_NAME = "$(TARGET_NAME)";
				SUPPORTED_PLATFORMS = "iphoneos iphonesimulator";
				SUPPORTS_MACCATALYST = NO;
				SUPPORTS_MAC_DESIGNED_FOR_IPHONE_IPAD = NO;
				SWIFT_EMIT_LOC_STRINGS = YES;
				SWIFT_VERSION = 5.0;
				TARGETED_DEVICE_FAMILY = "1,2";
			};
			name = Debug;
		};
		300D674B2ADB1CD80036CD92 /* Release */ = {
			isa = XCBuildConfiguration;
			buildSettings = {
				ASSETCATALOG_COMPILER_APPICON_NAME = AppIcon;
				ASSETCATALOG_COMPILER_GLOBAL_ACCENT_COLOR_NAME = AccentColor;
				CODE_SIGN_STYLE = Automatic;
				CURRENT_PROJECT_VERSION = 1;
				DEVELOPMENT_TEAM = A8WP3R74BG;
				GENERATE_INFOPLIST_FILE = YES;
				INFOPLIST_FILE = "wesley-inevent-ios-test/Info.plist";
				INFOPLIST_KEY_CFBundleDisplayName = "InEvent Books";
				INFOPLIST_KEY_UIApplicationSupportsIndirectInputEvents = YES;
				INFOPLIST_KEY_UILaunchStoryboardName = LaunchScreen;
				INFOPLIST_KEY_UIMainStoryboardFile = "";
				INFOPLIST_KEY_UISupportedInterfaceOrientations_iPad = "UIInterfaceOrientationPortrait UIInterfaceOrientationPortraitUpsideDown UIInterfaceOrientationLandscapeLeft UIInterfaceOrientationLandscapeRight";
				INFOPLIST_KEY_UISupportedInterfaceOrientations_iPhone = "UIInterfaceOrientationPortrait UIInterfaceOrientationLandscapeLeft UIInterfaceOrientationLandscapeRight";
				IPHONEOS_DEPLOYMENT_TARGET = 14.0;
				LD_RUNPATH_SEARCH_PATHS = (
					"$(inherited)",
					"@executable_path/Frameworks",
				);
				MARKETING_VERSION = 1.0.0;
				PRODUCT_BUNDLE_IDENTIFIER = "com.wesley.wesley-inevent-ios-test";
				PRODUCT_NAME = "$(TARGET_NAME)";
				SUPPORTED_PLATFORMS = "iphoneos iphonesimulator";
				SUPPORTS_MACCATALYST = NO;
				SUPPORTS_MAC_DESIGNED_FOR_IPHONE_IPAD = NO;
				SWIFT_EMIT_LOC_STRINGS = YES;
				SWIFT_VERSION = 5.0;
				TARGETED_DEVICE_FAMILY = "1,2";
			};
			name = Release;
		};
/* End XCBuildConfiguration section */

/* Begin XCConfigurationList section */
		300D67302ADB1CD20036CD92 /* Build configuration list for PBXProject "wesley-inevent-ios-test" */ = {
			isa = XCConfigurationList;
			buildConfigurations = (
				300D67472ADB1CD80036CD92 /* Debug */,
				300D67482ADB1CD80036CD92 /* Release */,
			);
			defaultConfigurationIsVisible = 0;
			defaultConfigurationName = Release;
		};
		300D67492ADB1CD80036CD92 /* Build configuration list for PBXNativeTarget "wesley-inevent-ios-test" */ = {
			isa = XCConfigurationList;
			buildConfigurations = (
				300D674A2ADB1CD80036CD92 /* Debug */,
				300D674B2ADB1CD80036CD92 /* Release */,
			);
			defaultConfigurationIsVisible = 0;
			defaultConfigurationName = Release;
		};
/* End XCConfigurationList section */

/* Begin XCRemoteSwiftPackageReference section */
		30533BD72AE062A500DD3B3D /* XCRemoteSwiftPackageReference "ServiceKit" */ = {
			isa = XCRemoteSwiftPackageReference;
			repositoryURL = "https://github.com/wesleytyber/ServiceKit";
			requirement = {
				kind = upToNextMajorVersion;
				minimumVersion = 1.0.3;
			};
		};
		30533BEB2AE06A5C00DD3B3D /* XCRemoteSwiftPackageReference "SDWebImage" */ = {
			isa = XCRemoteSwiftPackageReference;
			repositoryURL = "https://github.com/SDWebImage/SDWebImage.git";
			requirement = {
				kind = upToNextMajorVersion;
				minimumVersion = 5.18.3;
			};
		};
		30533BFB2AE0784400DD3B3D /* XCRemoteSwiftPackageReference "StackViewKit" */ = {
			isa = XCRemoteSwiftPackageReference;
			repositoryURL = "https://github.com/wesleytyber/StackViewKit";
			requirement = {
				kind = upToNextMajorVersion;
				minimumVersion = 1.0.3;
			};
		};
		30533C062AE0848400DD3B3D /* XCRemoteSwiftPackageReference "IQKeyboardManager" */ = {
			isa = XCRemoteSwiftPackageReference;
			repositoryURL = "https://github.com/hackiftekhar/IQKeyboardManager";
			requirement = {
				kind = upToNextMajorVersion;
				minimumVersion = 6.5.15;
			};
		};
/* End XCRemoteSwiftPackageReference section */

/* Begin XCSwiftPackageProductDependency section */
		30533BD82AE062A500DD3B3D /* ServiceKit */ = {
			isa = XCSwiftPackageProductDependency;
			package = 30533BD72AE062A500DD3B3D /* XCRemoteSwiftPackageReference "ServiceKit" */;
			productName = ServiceKit;
		};
		30533BEC2AE06A5C00DD3B3D /* SDWebImage */ = {
			isa = XCSwiftPackageProductDependency;
			package = 30533BEB2AE06A5C00DD3B3D /* XCRemoteSwiftPackageReference "SDWebImage" */;
			productName = SDWebImage;
		};
		30533BEE2AE06A5C00DD3B3D /* SDWebImageMapKit */ = {
			isa = XCSwiftPackageProductDependency;
			package = 30533BEB2AE06A5C00DD3B3D /* XCRemoteSwiftPackageReference "SDWebImage" */;
			productName = SDWebImageMapKit;
		};
		30533BFC2AE0784400DD3B3D /* StackViewKit */ = {
			isa = XCSwiftPackageProductDependency;
			package = 30533BFB2AE0784400DD3B3D /* XCRemoteSwiftPackageReference "StackViewKit" */;
			productName = StackViewKit;
		};
		30533C072AE0848400DD3B3D /* IQKeyboardManagerSwift */ = {
			isa = XCSwiftPackageProductDependency;
			package = 30533C062AE0848400DD3B3D /* XCRemoteSwiftPackageReference "IQKeyboardManager" */;
			productName = IQKeyboardManagerSwift;
		};
/* End XCSwiftPackageProductDependency section */
	};
	rootObject = 300D672D2ADB1CD20036CD92 /* Project object */;
}
